
Microsoft Visual Studio Solution File, Format Version 12.00
# Visual Studio Version 17
VisualStudioVersion = 17.7.34003.232
MinimumVisualStudioVersion = 10.0.40219.1
Project("{9A19103F-16F7-4668-BE54-9A1E7A4F7556}") = "SkiaLayerViewSample", "SkiaLayerViewSample\SkiaLayerViewSample.csproj", "{3DE18F10-445E-4B83-AF05-DA28B700A2A3}"
EndProject
Project("{9A19103F-16F7-4668-BE54-9A1E7A4F7556}") = "SkiaLayerViewSample.Benchmarking", "SkiaLayerViewSample.Benchmarking\SkiaLayerViewSample.Benchmarking.csproj", "{90722E93-7628-4FF6-9276-05C8BDE6FFB5}"
EndProject
Project("{FAE04EC0-301F-11D3-BF4B-00C04F79EFBC}") = "SkiaLayerView", "SkiaLayerView\SkiaLayerView.csproj", "{F527859A-8548-4B7C-8CA3-D8B881904C01}"
EndProject
Global
	GlobalSection(SolutionConfigurationPlatforms) = preSolution
		Debug|Any CPU = Debug|Any CPU
		Release|Any CPU = Release|Any CPU
	EndGlobalSection
	GlobalSection(ProjectConfigurationPlatforms) = postSolution
		{3DE18F10-445E-4B83-AF05-DA28B700A2A3}.Debug|Any CPU.ActiveCfg = Debug|Any CPU
		{3DE18F10-445E-4B83-AF05-DA28B700A2A3}.Debug|Any CPU.Build.0 = Debug|Any CPU
		{3DE18F10-445E-4B83-AF05-DA28B700A2A3}.Debug|Any CPU.Deploy.0 = Debug|Any CPU
		{3DE18F10-445E-4B83-AF05-DA28B700A2A3}.Release|Any CPU.ActiveCfg = Release|Any CPU
		{3DE18F10-445E-4B83-AF05-DA28B700A2A3}.Release|Any CPU.Build.0 = Release|Any CPU
		{3DE18F10-445E-4B83-AF05-DA28B700A2A3}.Release|Any CPU.Deploy.0 = Release|Any CPU
		{90722E93-7628-4FF6-9276-05C8BDE6FFB5}.Debug|Any CPU.ActiveCfg = Debug|Any CPU
		{90722E93-7628-4FF6-9276-05C8BDE6FFB5}.Debug|Any CPU.Build.0 = Debug|Any CPU
		{90722E93-7628-4FF6-9276-05C8BDE6FFB5}.Release|Any CPU.ActiveCfg = Release|Any CPU
		{90722E93-7628-4FF6-9276-05C8BDE6FFB5}.Release|Any CPU.Build.0 = Release|Any CPU
		{F527859A-8548-4B7C-8CA3-D8B881904C01}.Debug|Any CPU.ActiveCfg = Debug|Any CPU
		{F527859A-8548-4B7C-8CA3-D8B881904C01}.Debug|Any CPU.Build.0 = Debug|Any CPU
		{F527859A-8548-4B7C-8CA3-D8B881904C01}.Release|Any CPU.ActiveCfg = Release|Any CPU
		{F527859A-8548-4B7C-8CA3-D8B881904C01}.Release|Any CPU.Build.0 = Release|Any CPU
	EndGlobalSection
	GlobalSection(SolutionProperties) = preSolution
		HideSolutionNode = FALSE
	EndGlobalSection
	GlobalSection(ExtensibilityGlobals) = postSolution
		SolutionGuid = {4E548B35-B3FB-45EC-8719-3DE2DAAD244B}
	EndGlobalSection
EndGlobal
